// !$*UTF8*$!
{
	archiveVersion = 1;
	classes = {
	};
	objectVersion = 52;
	objects = {

/* Begin PBXBuildFile section */
		476C4F80255A76730094E15E /* AppDelegate.swift in Sources */ = {isa = PBXBuildFile; fileRef = 476C4F7F255A76730094E15E /* AppDelegate.swift */; };
		476C4F82255A76730094E15E /* SceneDelegate.swift in Sources */ = {isa = PBXBuildFile; fileRef = 476C4F81255A76730094E15E /* SceneDelegate.swift */; };
		476C4F84255A76730094E15E /* ViewController.swift in Sources */ = {isa = PBXBuildFile; fileRef = 476C4F83255A76730094E15E /* ViewController.swift */; };
		476C4F87255A76730094E15E /* Main.storyboard in Resources */ = {isa = PBXBuildFile; fileRef = 476C4F85255A76730094E15E /* Main.storyboard */; };
		476C4F89255A76750094E15E /* Assets.xcassets in Resources */ = {isa = PBXBuildFile; fileRef = 476C4F88255A76750094E15E /* Assets.xcassets */; };
		476C4F8C255A76750094E15E /* LaunchScreen.storyboard in Resources */ = {isa = PBXBuildFile; fileRef = 476C4F8A255A76750094E15E /* LaunchScreen.storyboard */; };
		476C4F96255A76BD0094E15E /* Alamofire in Frameworks */ = {isa = PBXBuildFile; productRef = 476C4F95255A76BD0094E15E /* Alamofire */; };
/* End PBXBuildFile section */

/* Begin PBXFileReference section */
		476C4F7C255A76730094E15E /* TestRedirect.app */ = {isa = PBXFileReference; explicitFileType = wrapper.application; includeInIndex = 0; path = TestRedirect.app; sourceTree = BUILT_PRODUCTS_DIR; };
		476C4F7F255A76730094E15E /* AppDelegate.swift */ = {isa = PBXFileReference; lastKnownFileType = sourcecode.swift; path = AppDelegate.swift; sourceTree = "<group>"; };
		476C4F81255A76730094E15E /* SceneDelegate.swift */ = {isa = PBXFileReference; lastKnownFileType = sourcecode.swift; path = SceneDelegate.swift; sourceTree = "<group>"; };
		476C4F83255A76730094E15E /* ViewController.swift */ = {isa = PBXFileReference; lastKnownFileType = sourcecode.swift; path = ViewController.swift; sourceTree = "<group>"; };
		476C4F86255A76730094E15E /* Base */ = {isa = PBXFileReference; lastKnownFileType = file.storyboard; name = Base; path = Base.lproj/Main.storyboard; sourceTree = "<group>"; };
		476C4F88255A76750094E15E /* Assets.xcassets */ = {isa = PBXFileReference; lastKnownFileType = folder.assetcatalog; path = Assets.xcassets; sourceTree = "<group>"; };
		476C4F8B255A76750094E15E /* Base */ = {isa = PBXFileReference; lastKnownFileType = file.storyboard; name = Base; path = Base.lproj/LaunchScreen.storyboard; sourceTree = "<group>"; };
		476C4F8D255A76750094E15E /* Info.plist */ = {isa = PBXFileReference; lastKnownFileType = text.plist.xml; path = Info.plist; sourceTree = "<group>"; };
/* End PBXFileReference section */

/* Begin PBXFrameworksBuildPhase section */
		476C4F79255A76730094E15E /* Frameworks */ = {
			isa = PBXFrameworksBuildPhase;
			buildActionMask = 2147483647;
			files = (
				476C4F96255A76BD0094E15E /* Alamofire in Frameworks */,
			);
			runOnlyForDeploymentPostprocessing = 0;
		};
/* End PBXFrameworksBuildPhase section */

/* Begin PBXGroup section */
		476C4F73255A76730094E15E = {
			isa = PBXGroup;
			children = (
				476C4F7E255A76730094E15E /* TestRedirect */,
				476C4F7D255A76730094E15E /* Products */,
			);
			sourceTree = "<group>";
		};
		476C4F7D255A76730094E15E /* Products */ = {
			isa = PBXGroup;
			children = (
				476C4F7C255A76730094E15E /* TestRedirect.app */,
			);
			name = Products;
			sourceTree = "<group>";
		};
		476C4F7E255A76730094E15E /* TestRedirect */ = {
			isa = PBXGroup;
			children = (
				476C4F7F255A76730094E15E /* AppDelegate.swift */,
				476C4F81255A76730094E15E /* SceneDelegate.swift */,
				476C4F83255A76730094E15E /* ViewController.swift */,
				476C4F85255A76730094E15E /* Main.storyboard */,
				476C4F88255A76750094E15E /* Assets.xcassets */,
				476C4F8A255A76750094E15E /* LaunchScreen.storyboard */,
				476C4F8D255A76750094E15E /* Info.plist */,
			);
			path = TestRedirect;
			sourceTree = "<group>";
		};
/* End PBXGroup section */

/* Begin PBXNativeTarget section */
		476C4F7B255A76730094E15E /* TestRedirect */ = {
			isa = PBXNativeTarget;
			buildConfigurationList = 476C4F90255A76750094E15E /* Build configuration list for PBXNativeTarget "TestRedirect" */;
			buildPhases = (
				476C4F78255A76730094E15E /* Sources */,
				476C4F79255A76730094E15E /* Frameworks */,
				476C4F7A255A76730094E15E /* Resources */,
			);
			buildRules = (
			);
			dependencies = (
			);
			name = TestRedirect;
			packageProductDependencies = (
				476C4F95255A76BD0094E15E /* Alamofire */,
			);
			productName = TestRedirect;
			productReference = 476C4F7C255A76730094E15E /* TestRedirect.app */;
			productType = "com.apple.product-type.application";
		};
/* End PBXNativeTarget section */

/* Begin PBXProject section */
		476C4F74255A76730094E15E /* Project object */ = {
			isa = PBXProject;
			attributes = {
				LastSwiftUpdateCheck = 1210;
				LastUpgradeCheck = 1210;
				TargetAttributes = {
					476C4F7B255A76730094E15E = {
						CreatedOnToolsVersion = 12.1;
					};
				};
			};
			buildConfigurationList = 476C4F77255A76730094E15E /* Build configuration list for PBXProject "TestRedirect" */;
			compatibilityVersion = "Xcode 9.3";
			developmentRegion = en;
			hasScannedForEncodings = 0;
			knownRegions = (
				en,
				Base,
			);
			mainGroup = 476C4F73255A76730094E15E;
			packageReferences = (
				476C4F94255A76BD0094E15E /* XCRemoteSwiftPackageReference "Alamofire" */,
			);
			productRefGroup = 476C4F7D255A76730094E15E /* Products */;
			projectDirPath = "";
			projectRoot = "";
			targets = (
				476C4F7B255A76730094E15E /* TestRedirect */,
			);
		};
/* End PBXProject section */

/* Begin PBXResourcesBuildPhase section */
		476C4F7A255A76730094E15E /* Resources */ = {
			isa = PBXResourcesBuildPhase;
			buildActionMask = 2147483647;
			files = (
				476C4F8C255A76750094E15E /* LaunchScreen.storyboard in Resources */,
				476C4F89255A76750094E15E /* Assets.xcassets in Resources */,
				476C4F87255A76730094E15E /* Main.storyboard in Resources */,
			);
			runOnlyForDeploymentPostprocessing = 0;
		};
/* End PBXResourcesBuildPhase section */

/* Begin PBXSourcesBuildPhase section */
		476C4F78255A76730094E15E /* Sources */ = {
			isa = PBXSourcesBuildPhase;
			buildActionMask = 2147483647;
			files = (
				476C4F84255A76730094E15E /* ViewController.swift in Sources */,
				476C4F80255A76730094E15E /* AppDelegate.swift in Sources */,
				476C4F82255A76730094E15E /* SceneDelegate.swift in Sources */,
			);
			runOnlyForDeploymentPostprocessing = 0;
		};
/* End PBXSourcesBuildPhase section */

/* Begin PBXVariantGroup section */
		476C4F85255A76730094E15E /* Main.storyboard */ = {
			isa = PBXVariantGroup;
			children = (
				476C4F86255A76730094E15E /* Base */,
			);
			name = Main.storyboard;
			sourceTree = "<group>";
		};
		476C4F8A255A76750094E15E /* LaunchScreen.storyboard */ = {
			isa = PBXVariantGroup;
			children = (
				476C4F8B255A76750094E15E /* Base */,
			);
			name = LaunchScreen.storyboard;
			sourceTree = "<group>";
		};
/* End PBXVariantGroup section */

/* Begin XCBuildConfiguration section */
		476C4F8E255A76750094E15E /* Debug */ = {
			isa = XCBuildConfiguration;
			buildSettings = {
				ALWAYS_SEARCH_USER_PATHS = NO;
				CLANG_ANALYZER_NONNULL = YES;
				CLANG_ANALYZER_NUMBER_OBJECT_CONVERSION = YES_AGGRESSIVE;
				CLANG_CXX_LANGUAGE_STANDARD = "gnu++14";
				CLANG_CXX_LIBRARY = "libc++";
				CLANG_ENABLE_MODULES = YES;
				CLANG_ENABLE_OBJC_ARC = YES;
				CLANG_ENABLE_OBJC_WEAK = YES;
				CLANG_WARN_BLOCK_CAPTURE_AUTORELEASING = YES;
				CLANG_WARN_BOOL_CONVERSION = YES;
				CLANG_WARN_COMMA = YES;
				CLANG_WARN_CONSTANT_CONVERSION = YES;
				CLANG_WARN_DEPRECATED_OBJC_IMPLEMENTATIONS = YES;
				CLANG_WARN_DIRECT_OBJC_ISA_USAGE = YES_ERROR;
				CLANG_WARN_DOCUMENTATION_COMMENTS = YES;
				CLANG_WARN_EMPTY_BODY = YES;
				CLANG_WARN_ENUM_CONVERSION = YES;
				CLANG_WARN_INFINITE_RECURSION = YES;
				CLANG_WARN_INT_CONVERSION = YES;
				CLANG_WARN_NON_LITERAL_NULL_CONVERSION = YES;
				CLANG_WARN_OBJC_IMPLICIT_RETAIN_SELF = YES;
				CLANG_WARN_OBJC_LITERAL_CONVERSION = YES;
				CLANG_WARN_OBJC_ROOT_CLASS = YES_ERROR;
				CLANG_WARN_QUOTED_INCLUDE_IN_FRAMEWORK_HEADER = YES;
				CLANG_WARN_RANGE_LOOP_ANALYSIS = YES;
				CLANG_WARN_STRICT_PROTOTYPES = YES;
				CLANG_WARN_SUSPICIOUS_MOVE = YES;
				CLANG_WARN_UNGUARDED_AVAILABILITY = YES_AGGRESSIVE;
				CLANG_WARN_UNREACHABLE_CODE = YES;
				CLANG_WARN__DUPLICATE_METHOD_MATCH = YES;
				COPY_PHASE_STRIP = NO;
				DEBUG_INFORMATION_FORMAT = dwarf;
				ENABLE_STRICT_OBJC_MSGSEND = YES;
				ENABLE_TESTABILITY = YES;
				GCC_C_LANGUAGE_STANDARD = gnu11;
				GCC_DYNAMIC_NO_PIC = NO;
				GCC_NO_COMMON_BLOCKS = YES;
				GCC_OPTIMIZATION_LEVEL = 0;
				GCC_PREPROCESSOR_DEFINITIONS = (
					"DEBUG=1",
					"$(inherited)",
				);
				GCC_WARN_64_TO_32_BIT_CONVERSION = YES;
				GCC_WARN_ABOUT_RETURN_TYPE = YES_ERROR;
				GCC_WARN_UNDECLARED_SELECTOR = YES;
				GCC_WARN_UNINITIALIZED_AUTOS = YES_AGGRESSIVE;
				GCC_WARN_UNUSED_FUNCTION = YES;
				GCC_WARN_UNUSED_VARIABLE = YES;
				IPHONEOS_DEPLOYMENT_TARGET = 14.1;
				MTL_ENABLE_DEBUG_INFO = INCLUDE_SOURCE;
				MTL_FAST_MATH = YES;
				ONLY_ACTIVE_ARCH = YES;
				SDKROOT = iphoneos;
				SWIFT_ACTIVE_COMPILATION_CONDITIONS = DEBUG;
				SWIFT_OPTIMIZATION_LEVEL = "-Onone";
			};
			name = Debug;
		};
		476C4F8F255A76750094E15E /* Release */ = {
			isa = XCBuildConfiguration;
			buildSettings = {
				ALWAYS_SEARCH_USER_PATHS = NO;
				CLANG_ANALYZER_NONNULL = YES;
				CLANG_ANALYZER_NUMBER_OBJECT_CONVERSION = YES_AGGRESSIVE;
				CLANG_CXX_LANGUAGE_STANDARD = "gnu++14";
				CLANG_CXX_LIBRARY = "libc++";
				CLANG_ENABLE_MODULES = YES;
				CLANG_ENABLE_OBJC_ARC = YES;
				CLANG_ENABLE_OBJC_WEAK = YES;
				CLANG_WARN_BLOCK_CAPTURE_AUTORELEASING = YES;
				CLANG_WARN_BOOL_CONVERSION = YES;
				CLANG_WARN_COMMA = YES;
				CLANG_WARN_CONSTANT_CONVERSION = YES;
				CLANG_WARN_DEPRECATED_OBJC_IMPLEMENTATIONS = YES;
				CLANG_WARN_DIRECT_OBJC_ISA_USAGE = YES_ERROR;
				CLANG_WARN_DOCUMENTATION_COMMENTS = YES;
				CLANG_WARN_EMPTY_BODY = YES;
				CLANG_WARN_ENUM_CONVERSION = YES;
				CLANG_WARN_INFINITE_RECURSION = YES;
				CLANG_WARN_INT_CONVERSION = YES;
				CLANG_WARN_NON_LITERAL_NULL_CONVERSION = YES;
				CLANG_WARN_OBJC_IMPLICIT_RETAIN_SELF = YES;
				CLANG_WARN_OBJC_LITERAL_CONVERSION = YES;
				CLANG_WARN_OBJC_ROOT_CLASS = YES_ERROR;
				CLANG_WARN_QUOTED_INCLUDE_IN_FRAMEWORK_HEADER = YES;
				CLANG_WARN_RANGE_LOOP_ANALYSIS = YES;
				CLANG_WARN_STRICT_PROTOTYPES = YES;
				CLANG_WARN_SUSPICIOUS_MOVE = YES;
				CLANG_WARN_UNGUARDED_AVAILABILITY = YES_AGGRESSIVE;
				CLANG_WARN_UNREACHABLE_CODE = YES;
				CLANG_WARN__DUPLICATE_METHOD_MATCH = YES;
				COPY_PHASE_STRIP = NO;
				DEBUG_INFORMATION_FORMAT = "dwarf-with-dsym";
				ENABLE_NS_ASSERTIONS = NO;
				ENABLE_STRICT_OBJC_MSGSEND = YES;
				GCC_C_LANGUAGE_STANDARD = gnu11;
				GCC_NO_COMMON_BLOCKS = YES;
				GCC_WARN_64_TO_32_BIT_CONVERSION = YES;
				GCC_WARN_ABOUT_RETURN_TYPE = YES_ERROR;
				GCC_WARN_UNDECLARED_SELECTOR = YES;
				GCC_WARN_UNINITIALIZED_AUTOS = YES_AGGRESSIVE;
				GCC_WARN_UNUSED_FUNCTION = YES;
				GCC_WARN_UNUSED_VARIABLE = YES;
				IPHONEOS_DEPLOYMENT_TARGET = 14.1;
				MTL_ENABLE_DEBUG_INFO = NO;
				MTL_FAST_MATH = YES;
				SDKROOT = iphoneos;
				SWIFT_COMPILATION_MODE = wholemodule;
				SWIFT_OPTIMIZATION_LEVEL = "-O";
				VALIDATE_PRODUCT = YES;
			};
			name = Release;
		};
		476C4F91255A76750094E15E /* Debug */ = {
			isa = XCBuildConfiguration;
			buildSettings = {
				ASSETCATALOG_COMPILER_APPICON_NAME = AppIcon;
				ASSETCATALOG_COMPILER_GLOBAL_ACCENT_COLOR_NAME = AccentColor;
				CODE_SIGN_STYLE = Automatic;
				DEVELOPMENT_TEAM = Z9EB9XJ383;
				INFOPLIST_FILE = TestRedirect/Info.plist;
				LD_RUNPATH_SEARCH_PATHS = (
					"$(inherited)",
					"@executable_path/Frameworks",
				);
				PRODUCT_BUNDLE_IDENTIFIER = com.ballad.TestRedirect;
				PRODUCT_NAME = "$(TARGET_NAME)";
				SWIFT_VERSION = 5.0;
				TARGETED_DEVICE_FAMILY = "1,2";
			};
			name = Debug;
		};
		476C4F92255A76750094E15E /* Release */ = {
			isa = XCBuildConfiguration;
			buildSettings = {
				ASSETCATALOG_COMPILER_APPICON_NAME = AppIcon;
				ASSETCATALOG_COMPILER_GLOBAL_ACCENT_COLOR_NAME = AccentColor;
				CODE_SIGN_STYLE = Automatic;
				DEVELOPMENT_TEAM = Z9EB9XJ383;
				INFOPLIST_FILE = TestRedirect/Info.plist;
				LD_RUNPATH_SEARCH_PATHS = (
					"$(inherited)",
					"@executable_path/Frameworks",
				);
				PRODUCT_BUNDLE_IDENTIFIER = com.ballad.TestRedirect;
				PRODUCT_NAME = "$(TARGET_NAME)";
				SWIFT_VERSION = 5.0;
				TARGETED_DEVICE_FAMILY = "1,2";
			};
			name = Release;
		};
/* End XCBuildConfiguration section */

/* Begin XCConfigurationList section */
		476C4F77255A76730094E15E /* Build configuration list for PBXProject "TestRedirect" */ = {
			isa = XCConfigurationList;
			buildConfigurations = (
				476C4F8E255A76750094E15E /* Debug */,
				476C4F8F255A76750094E15E /* Release */,
			);
			defaultConfigurationIsVisible = 0;
			defaultConfigurationName = Release;
		};
		476C4F90255A76750094E15E /* Build configuration list for PBXNativeTarget "TestRedirect" */ = {
			isa = XCConfigurationList;
			buildConfigurations = (
				476C4F91255A76750094E15E /* Debug */,
				476C4F92255A76750094E15E /* Release */,
			);
			defaultConfigurationIsVisible = 0;
			defaultConfigurationName = Release;
		};
/* End XCConfigurationList section */

/* Begin XCRemoteSwiftPackageReference section */
		476C4F94255A76BD0094E15E /* XCRemoteSwiftPackageReference "Alamofire" */ = {
			isa = XCRemoteSwiftPackageReference;
			repositoryURL = "https://github.com/Alamofire/Alamofire";
			requirement = {
				kind = upToNextMajorVersion;
				minimumVersion = 5.4.0;
			};
		};
/* End XCRemoteSwiftPackageReference section */

/* Begin XCSwiftPackageProductDependency section */
		476C4F95255A76BD0094E15E /* Alamofire */ = {
			isa = XCSwiftPackageProductDependency;
			package = 476C4F94255A76BD0094E15E /* XCRemoteSwiftPackageReference "Alamofire" */;
			productName = Alamofire;
		};
/* End XCSwiftPackageProductDependency section */
	};
	rootObject = 476C4F74255A76730094E15E /* Project object */;
}
